
Microsoft Visual Studio Solution File, Format Version 12.00
# Visual Studio Version 17
VisualStudioVersion = 17.14.36221.1 d17.14
MinimumVisualStudioVersion = 10.0.40219.1
Project("{8BC9CEB8-8B4A-11D0-8D11-00A0C91BC942}") = "DFS-Recursive", "DFS-Recursive\DFS-Recursive.vcxproj", "{8C8A1E87-2EBA-4F17-A935-5681C884F256}"
EndProject
Project("{8BC9CEB8-8B4A-11D0-8D11-00A0C91BC942}") = "DFS-Stack", "DFS-Stack\DFS-Stack.vcxproj", "{1E19E7A9-D6D7-4150-B369-714AE6A702BE}"
EndProject
Project("{8BC9CEB8-8B4A-11D0-8D11-00A0C91BC942}") = "BFS-Queue", "BFS-Queue\BFS-Queue.vcxproj", "{963609FB-5CF8-4BFE-A561-8846D5683F5A}"
EndProject
Global
	GlobalSection(SolutionConfigurationPlatforms) = preSolution
		Debug|x64 = Debug|x64
		Debug|x86 = Debug|x86
		Release|x64 = Release|x64
		Release|x86 = Release|x86
	EndGlobalSection
	GlobalSection(ProjectConfigurationPlatforms) = postSolution
		{8C8A1E87-2EBA-4F17-A935-5681C884F256}.Debug|x64.ActiveCfg = Debug|x64
		{8C8A1E87-2EBA-4F17-A935-5681C884F256}.Debug|x64.Build.0 = Debug|x64
		{8C8A1E87-2EBA-4F17-A935-5681C884F256}.Debug|x86.ActiveCfg = Debug|Win32
		{8C8A1E87-2EBA-4F17-A935-5681C884F256}.Debug|x86.Build.0 = Debug|Win32
		{8C8A1E87-2EBA-4F17-A935-5681C884F256}.Release|x64.ActiveCfg = Release|x64
		{8C8A1E87-2EBA-4F17-A935-5681C884F256}.Release|x64.Build.0 = Release|x64
		{8C8A1E87-2EBA-4F17-A935-5681C884F256}.Release|x86.ActiveCfg = Release|Win32
		{8C8A1E87-2EBA-4F17-A935-5681C884F256}.Release|x86.Build.0 = Release|Win32
		{1E19E7A9-D6D7-4150-B369-714AE6A702BE}.Debug|x64.ActiveCfg = Debug|x64
		{1E19E7A9-D6D7-4150-B369-714AE6A702BE}.Debug|x64.Build.0 = Debug|x64
		{1E19E7A9-D6D7-4150-B369-714AE6A702BE}.Debug|x86.ActiveCfg = Debug|Win32
		{1E19E7A9-D6D7-4150-B369-714AE6A702BE}.Debug|x86.Build.0 = Debug|Win32
		{1E19E7A9-D6D7-4150-B369-714AE6A702BE}.Release|x64.ActiveCfg = Release|x64
		{1E19E7A9-D6D7-4150-B369-714AE6A702BE}.Release|x64.Build.0 = Release|x64
		{1E19E7A9-D6D7-4150-B369-714AE6A702BE}.Release|x86.ActiveCfg = Release|Win32
		{1E19E7A9-D6D7-4150-B369-714AE6A702BE}.Release|x86.Build.0 = Release|Win32
		{963609FB-5CF8-4BFE-A561-8846D5683F5A}.Debug|x64.ActiveCfg = Debug|x64
		{963609FB-5CF8-4BFE-A561-8846D5683F5A}.Debug|x64.Build.0 = Debug|x64
		{963609FB-5CF8-4BFE-A561-8846D5683F5A}.Debug|x86.ActiveCfg = Debug|Win32
		{963609FB-5CF8-4BFE-A561-8846D5683F5A}.Debug|x86.Build.0 = Debug|Win32
		{963609FB-5CF8-4BFE-A561-8846D5683F5A}.Release|x64.ActiveCfg = Release|x64
		{963609FB-5CF8-4BFE-A561-8846D5683F5A}.Release|x64.Build.0 = Release|x64
		{963609FB-5CF8-4BFE-A561-8846D5683F5A}.Release|x86.ActiveCfg = Release|Win32
		{963609FB-5CF8-4BFE-A561-8846D5683F5A}.Release|x86.Build.0 = Release|Win32
	EndGlobalSection
	GlobalSection(SolutionProperties) = preSolution
		HideSolutionNode = FALSE
	EndGlobalSection
	GlobalSection(ExtensibilityGlobals) = postSolution
		SolutionGuid = {504FFDBB-6A32-42B2-A31B-6B28CAED76EA}
	EndGlobalSection
EndGlobal
